{
  "version": 4,
  "terraform_version": "1.12.1",
  "serial": 4,
  "lineage": "611cf8a0-9934-2642-57c4-d1d10849921f",
  "outputs": {
    "minecraft_public_ip": {
      "value": "54.145.27.226",
      "type": "string"
    }
  },
  "resources": [
    {
      "mode": "managed",
      "type": "aws_instance",
      "name": "minecraft",
      "provider": "provider[\"registry.terraform.io/hashicorp/aws\"]",
      "instances": [
        {
          "schema_version": 1,
          "attributes": {
            "ami": "ami-02457590d33d576c3",
            "arn": "arn:aws:ec2:us-east-1:654654559656:instance/i-01c051fe671092d3b",
            "associate_public_ip_address": true,
            "availability_zone": "us-east-1c",
            "capacity_reservation_specification": [
              {
                "capacity_reservation_preference": "open",
                "capacity_reservation_target": []
              }
            ],
            "cpu_core_count": 1,
            "cpu_options": [
              {
                "amd_sev_snp": "",
                "core_count": 1,
                "threads_per_core": 2
              }
            ],
            "cpu_threads_per_core": 2,
            "credit_specification": [
              {
                "cpu_credits": "unlimited"
              }
            ],
            "disable_api_stop": false,
            "disable_api_termination": false,
            "ebs_block_device": [],
            "ebs_optimized": false,
            "enable_primary_ipv6": null,
            "enclave_options": [
              {
                "enabled": false
              }
            ],
            "ephemeral_block_device": [],
            "get_password_data": false,
            "hibernation": false,
            "host_id": "",
            "host_resource_group_arn": null,
            "iam_instance_profile": "",
            "id": "i-01c051fe671092d3b",
            "instance_initiated_shutdown_behavior": "stop",
            "instance_lifecycle": "",
            "instance_market_options": [],
            "instance_state": "running",
            "instance_type": "t3.medium",
            "ipv6_address_count": 0,
            "ipv6_addresses": [],
            "key_name": "minecraft-key",
            "launch_template": [],
            "maintenance_options": [
              {
                "auto_recovery": "default"
              }
            ],
            "metadata_options": [
              {
                "http_endpoint": "enabled",
                "http_protocol_ipv6": "disabled",
                "http_put_response_hop_limit": 2,
                "http_tokens": "required",
                "instance_metadata_tags": "disabled"
              }
            ],
            "monitoring": false,
            "network_interface": [],
            "outpost_arn": "",
            "password_data": "",
            "placement_group": "",
            "placement_partition_number": 0,
            "primary_network_interface_id": "eni-0b6478255e4cb6353",
            "private_dns": "ip-172-31-16-76.ec2.internal",
            "private_dns_name_options": [
              {
                "enable_resource_name_dns_a_record": false,
                "enable_resource_name_dns_aaaa_record": false,
                "hostname_type": "ip-name"
              }
            ],
            "private_ip": "172.31.16.76",
            "public_dns": "ec2-54-145-27-226.compute-1.amazonaws.com",
            "public_ip": "54.145.27.226",
            "root_block_device": [
              {
                "delete_on_termination": true,
                "device_name": "/dev/xvda",
                "encrypted": false,
                "iops": 3000,
                "kms_key_id": "",
                "tags": {},
                "tags_all": {},
                "throughput": 125,
                "volume_id": "vol-032ebea39e00afa4e",
                "volume_size": 8,
                "volume_type": "gp3"
              }
            ],
            "secondary_private_ips": [],
            "security_groups": [
              "minecraft-sg"
            ],
            "source_dest_check": true,
            "spot_instance_request_id": "",
            "subnet_id": "subnet-0d14ac49218e355a5",
            "tags": {
              "Name": "MinecraftServer"
            },
            "tags_all": {
              "Name": "MinecraftServer"
            },
            "tenancy": "default",
            "timeouts": null,
            "user_data": null,
            "user_data_base64": null,
            "user_data_replace_on_change": false,
            "volume_tags": null,
            "vpc_security_group_ids": [
              "sg-0d53fca2b749b9cde"
            ]
          },
          "sensitive_attributes": [],
          "identity_schema_version": 0,
          "private": "eyJlMmJmYjczMC1lY2FhLTExZTYtOGY4OC0zNDM2M2JjN2M0YzAiOnsiY3JlYXRlIjo2MDAwMDAwMDAwMDAsImRlbGV0ZSI6MTIwMDAwMDAwMDAwMCwicmVhZCI6OTAwMDAwMDAwMDAwLCJ1cGRhdGUiOjYwMDAwMDAwMDAwMH0sInNjaGVtYV92ZXJzaW9uIjoiMSJ9",
          "dependencies": [
            "aws_key_pair.minecraft_key",
            "aws_security_group.minecraft_sg"
          ]
        }
      ]
    },
    {
      "mode": "managed",
      "type": "aws_key_pair",
      "name": "minecraft_key",
      "provider": "provider[\"registry.terraform.io/hashicorp/aws\"]",
      "instances": [
        {
          "schema_version": 1,
          "attributes": {
            "arn": "arn:aws:ec2:us-east-1:654654559656:key-pair/minecraft-key",
            "fingerprint": "86:4f:d8:3f:01:58:e6:d2:51:cc:7f:d1:a8:1a:63:e3",
            "id": "minecraft-key",
            "key_name": "minecraft-key",
            "key_name_prefix": "",
            "key_pair_id": "key-03d3a97e16cc37b0e",
            "key_type": "rsa",
            "public_key": "ssh-rsa AAAAB3NzaC1yc2EAAAADAQABAAACAQDTQCpYYWdWTF9BY4chN+7VwgCRr4i6OGPbYfnBRLppbCNyva0dxsZpjcMao7kfLjLzcojaLY1mLjCc6LYeVaotxpM5BHuINgjt2fY7Z9JFBYixWltdbmTiXf+28H1HRNResRm4n7K+petTaImEPbIvqAdukXo3pqB9Dy49Q+0/rYvp5au4NCFqyko2c0tAzkM7vkVaek9hnaz/SBzxrE5e6hnUeNxfulQCAFgAN56bU+++ocAdE4cNWqzB1DeuJuvE8Wj/m5o0mY2oNvniAyY3DfxB7cmSHZ6poP3QorJjpuFJQdEpzNVwY8+tF1hqC1qDmTCLB2bE1T9gJaLAKlCQm2rImrKhe0gKE36kAC/N37qhifOQ6EM2HvEYI7joMbf5xv3Ga/kJ656pbjXzPU/IAxuxnq2rK0Q+G7lXnVH2c4URxC7VkxKNLxQ6K8Yn+0lj8zOYIVboI4bzq5TazJh9achtfTmYhAMObeYqPttVqDbfOPUYdYWTJxK2i43dsE+MlylkCbItSrmcWS7McrG1UtLTH9th2Vcw08s9tyEPBi4AQxzOHLKuZaSgSnrxKUs52mlrwjdXrpi9vO2yTEfbH8n/CcvOegZSaZQ5K2rweIA/nsco+Es48xh543SIex7a/zZOwVce4DRW4YGibXVF9gDZYftKMAMEYAON8pevYQ== cmdel@Christianlap",
            "tags": null,
            "tags_all": {}
          },
          "sensitive_attributes": [],
          "identity_schema_version": 0,
          "private": "eyJzY2hlbWFfdmVyc2lvbiI6IjEifQ=="
        }
      ]
    },
    {
      "mode": "managed",
      "type": "aws_security_group",
      "name": "minecraft_sg",
      "provider": "provider[\"registry.terraform.io/hashicorp/aws\"]",
      "instances": [
        {
          "schema_version": 1,
          "attributes": {
            "arn": "arn:aws:ec2:us-east-1:654654559656:security-group/sg-0d53fca2b749b9cde",
            "description": "Allow Minecraft traffic",
            "egress": [
              {
                "cidr_blocks": [
                  "0.0.0.0/0"
                ],
                "description": "",
                "from_port": 0,
                "ipv6_cidr_blocks": [],
                "prefix_list_ids": [],
                "protocol": "-1",
                "security_groups": [],
                "self": false,
                "to_port": 0
              }
            ],
            "id": "sg-0d53fca2b749b9cde",
            "ingress": [
              {
                "cidr_blocks": [
                  "0.0.0.0/0"
                ],
                "description": "",
                "from_port": 22,
                "ipv6_cidr_blocks": [],
                "prefix_list_ids": [],
                "protocol": "tcp",
                "security_groups": [],
                "self": false,
                "to_port": 22
              },
              {
                "cidr_blocks": [
                  "0.0.0.0/0"
                ],
                "description": "",
                "from_port": 25565,
                "ipv6_cidr_blocks": [],
                "prefix_list_ids": [],
                "protocol": "tcp",
                "security_groups": [],
                "self": false,
                "to_port": 25565
              }
            ],
            "name": "minecraft-sg",
            "name_prefix": "",
            "owner_id": "654654559656",
            "revoke_rules_on_delete": false,
            "tags": null,
            "tags_all": {},
            "timeouts": null,
            "vpc_id": "vpc-05bd380327340b6ae"
          },
          "sensitive_attributes": [],
          "identity_schema_version": 0,
          "private": "eyJlMmJmYjczMC1lY2FhLTExZTYtOGY4OC0zNDM2M2JjN2M0YzAiOnsiY3JlYXRlIjo2MDAwMDAwMDAwMDAsImRlbGV0ZSI6OTAwMDAwMDAwMDAwfSwic2NoZW1hX3ZlcnNpb24iOiIxIn0="
        }
      ]
    }
  ],
  "check_results": null
}
